
Microsoft Visual Studio Solution File, Format Version 12.00
# Visual Studio Version 17
VisualStudioVersion = 17.6.33717.318
MinimumVisualStudioVersion = 10.0.40219.1
Project("{9A19103F-16F7-4668-BE54-9A1E7A4F7556}") = "UI", "PIS_final\UI.csproj", "{77554826-1682-4242-8B0A-A5B7371586D4}"
EndProject
Project("{9A19103F-16F7-4668-BE54-9A1E7A4F7556}") = "Library", "Library\Library.csproj", "{6C6F51A4-DE07-49BA-BCCF-155C18CDDF78}"
EndProject
Project("{9A19103F-16F7-4668-BE54-9A1E7A4F7556}") = "Tests", "Tests\Tests.csproj", "{F2EC857D-56DE-4C4E-A0AE-B47F04F12954}"
EndProject
Project("{2150E333-8FDC-42A3-9474-1A3956D46DE8}") = "Solution Items", "Solution Items", "{423B184E-4C9B-45CB-86ED-7B9B0BE1FAF6}"
	ProjectSection(SolutionItems) = preProject
		.editorconfig = .editorconfig
	EndProjectSection
EndProject
Global
	GlobalSection(SolutionConfigurationPlatforms) = preSolution
		Debug|Any CPU = Debug|Any CPU
		Release|Any CPU = Release|Any CPU
	EndGlobalSection
	GlobalSection(ProjectConfigurationPlatforms) = postSolution
		{77554826-1682-4242-8B0A-A5B7371586D4}.Debug|Any CPU.ActiveCfg = Debug|Any CPU
		{77554826-1682-4242-8B0A-A5B7371586D4}.Debug|Any CPU.Build.0 = Debug|Any CPU
		{77554826-1682-4242-8B0A-A5B7371586D4}.Release|Any CPU.ActiveCfg = Release|Any CPU
		{77554826-1682-4242-8B0A-A5B7371586D4}.Release|Any CPU.Build.0 = Release|Any CPU
		{6C6F51A4-DE07-49BA-BCCF-155C18CDDF78}.Debug|Any CPU.ActiveCfg = Debug|Any CPU
		{6C6F51A4-DE07-49BA-BCCF-155C18CDDF78}.Debug|Any CPU.Build.0 = Debug|Any CPU
		{6C6F51A4-DE07-49BA-BCCF-155C18CDDF78}.Release|Any CPU.ActiveCfg = Release|Any CPU
		{6C6F51A4-DE07-49BA-BCCF-155C18CDDF78}.Release|Any CPU.Build.0 = Release|Any CPU
		{F2EC857D-56DE-4C4E-A0AE-B47F04F12954}.Debug|Any CPU.ActiveCfg = Debug|Any CPU
		{F2EC857D-56DE-4C4E-A0AE-B47F04F12954}.Debug|Any CPU.Build.0 = Debug|Any CPU
		{F2EC857D-56DE-4C4E-A0AE-B47F04F12954}.Release|Any CPU.ActiveCfg = Release|Any CPU
		{F2EC857D-56DE-4C4E-A0AE-B47F04F12954}.Release|Any CPU.Build.0 = Release|Any CPU
	EndGlobalSection
	GlobalSection(SolutionProperties) = preSolution
		HideSolutionNode = FALSE
	EndGlobalSection
	GlobalSection(ExtensibilityGlobals) = postSolution
		SolutionGuid = {1A3F18A3-946A-4958-A851-0F1E8EFC244A}
	EndGlobalSection
EndGlobal
